
Microsoft Visual Studio Solution File, Format Version 12.00
# Visual Studio Version 16
VisualStudioVersion = 16.0.31112.23
MinimumVisualStudioVersion = 10.0.40219.1
Project("{FAE04EC0-301F-11D3-BF4B-00C04F79EFBC}") = "Lesson_1", "Lesson_1.csproj", "{D12174DE-F318-4374-8CE3-7BE090F34691}"
EndProject
Global
	GlobalSection(SolutionConfigurationPlatforms) = preSolution
		Debug|Any CPU = Debug|Any CPU
		Release|Any CPU = Release|Any CPU
	EndGlobalSection
	GlobalSection(ProjectConfigurationPlatforms) = postSolution
		{D12174DE-F318-4374-8CE3-7BE090F34691}.Debug|Any CPU.ActiveCfg = Debug|Any CPU
		{D12174DE-F318-4374-8CE3-7BE090F34691}.Debug|Any CPU.Build.0 = Debug|Any CPU
		{D12174DE-F318-4374-8CE3-7BE090F34691}.Release|Any CPU.ActiveCfg = Release|Any CPU
		{D12174DE-F318-4374-8CE3-7BE090F34691}.Release|Any CPU.Build.0 = Release|Any CPU
	EndGlobalSection
	GlobalSection(SolutionProperties) = preSolution
		HideSolutionNode = FALSE
	EndGlobalSection
	GlobalSection(ExtensibilityGlobals) = postSolution
		SolutionGuid = {B137BB41-77C6-4D52-8FA9-52FCD21FBF14}
	EndGlobalSection
EndGlobal
